
Microsoft Visual Studio Solution File, Format Version 12.00
# Visual Studio Version 17
VisualStudioVersion = 17.8.34316.72
MinimumVisualStudioVersion = 10.0.40219.1
Project("{FAE04EC0-301F-11D3-BF4B-00C04F79EFBC}") = "Practical4Try", "Practical4Try.csproj", "{DAC19100-F8F5-4993-A5CB-0289C00A014A}"
EndProject
Global
	GlobalSection(SolutionConfigurationPlatforms) = preSolution
		Debug|Any CPU = Debug|Any CPU
		Release|Any CPU = Release|Any CPU
	EndGlobalSection
	GlobalSection(ProjectConfigurationPlatforms) = postSolution
		{DAC19100-F8F5-4993-A5CB-0289C00A014A}.Debug|Any CPU.ActiveCfg = Debug|Any CPU
		{DAC19100-F8F5-4993-A5CB-0289C00A014A}.Debug|Any CPU.Build.0 = Debug|Any CPU
		{DAC19100-F8F5-4993-A5CB-0289C00A014A}.Release|Any CPU.ActiveCfg = Release|Any CPU
		{DAC19100-F8F5-4993-A5CB-0289C00A014A}.Release|Any CPU.Build.0 = Release|Any CPU
	EndGlobalSection
	GlobalSection(SolutionProperties) = preSolution
		HideSolutionNode = FALSE
	EndGlobalSection
	GlobalSection(ExtensibilityGlobals) = postSolution
		SolutionGuid = {95E12DEF-FA23-40E6-B29A-210543E7545E}
	EndGlobalSection
EndGlobal
